
Microsoft Visual Studio Solution File, Format Version 12.00
# Visual Studio Version 17
VisualStudioVersion = 17.0.32802.463
MinimumVisualStudioVersion = 10.0.40219.1
Project("{FAE04EC0-301F-11D3-BF4B-00C04F79EFBC}") = "Atividade1", "Atividade1\Atividade1.csproj", "{AD17D63A-1CF4-42E6-8730-EB721CCA923F}"
EndProject
Global
	GlobalSection(SolutionConfigurationPlatforms) = preSolution
		Debug|Any CPU = Debug|Any CPU
		Release|Any CPU = Release|Any CPU
	EndGlobalSection
	GlobalSection(ProjectConfigurationPlatforms) = postSolution
		{AD17D63A-1CF4-42E6-8730-EB721CCA923F}.Debug|Any CPU.ActiveCfg = Debug|Any CPU
		{AD17D63A-1CF4-42E6-8730-EB721CCA923F}.Debug|Any CPU.Build.0 = Debug|Any CPU
		{AD17D63A-1CF4-42E6-8730-EB721CCA923F}.Release|Any CPU.ActiveCfg = Release|Any CPU
		{AD17D63A-1CF4-42E6-8730-EB721CCA923F}.Release|Any CPU.Build.0 = Release|Any CPU
	EndGlobalSection
	GlobalSection(SolutionProperties) = preSolution
		HideSolutionNode = FALSE
	EndGlobalSection
	GlobalSection(ExtensibilityGlobals) = postSolution
		SolutionGuid = {601A7CF6-E0C3-4799-8542-606AE5F2DC64}
	EndGlobalSection
EndGlobal
